
Microsoft Visual Studio Solution File, Format Version 12.00
# Visual Studio Version 17
VisualStudioVersion = 17.9.34723.18
MinimumVisualStudioVersion = 10.0.40219.1
Project("{9A19103F-16F7-4668-BE54-9A1E7A4F7556}") = "GMS.Shared", "GMS.Shared\GMS.Shared.csproj", "{7ECDB2A4-CF5B-40FA-AF57-1B2FABBEA7BB}"
EndProject
Project("{9A19103F-16F7-4668-BE54-9A1E7A4F7556}") = "GMS.API", "GMS.API\GMS.API.csproj", "{DC905AAB-942D-45CD-AC56-1E60B29D9F28}"
EndProject
Project("{9A19103F-16F7-4668-BE54-9A1E7A4F7556}") = "GMS.Client", "GMS.Client\GMS.Client.csproj", "{83833026-F682-4D52-BBAB-84938F64AC6B}"
EndProject
Global
	GlobalSection(SolutionConfigurationPlatforms) = preSolution
		Debug|Any CPU = Debug|Any CPU
		Release|Any CPU = Release|Any CPU
	EndGlobalSection
	GlobalSection(ProjectConfigurationPlatforms) = postSolution
		{7ECDB2A4-CF5B-40FA-AF57-1B2FABBEA7BB}.Debug|Any CPU.ActiveCfg = Debug|Any CPU
		{7ECDB2A4-CF5B-40FA-AF57-1B2FABBEA7BB}.Debug|Any CPU.Build.0 = Debug|Any CPU
		{7ECDB2A4-CF5B-40FA-AF57-1B2FABBEA7BB}.Release|Any CPU.ActiveCfg = Release|Any CPU
		{7ECDB2A4-CF5B-40FA-AF57-1B2FABBEA7BB}.Release|Any CPU.Build.0 = Release|Any CPU
		{DC905AAB-942D-45CD-AC56-1E60B29D9F28}.Debug|Any CPU.ActiveCfg = Debug|Any CPU
		{DC905AAB-942D-45CD-AC56-1E60B29D9F28}.Debug|Any CPU.Build.0 = Debug|Any CPU
		{DC905AAB-942D-45CD-AC56-1E60B29D9F28}.Release|Any CPU.ActiveCfg = Release|Any CPU
		{DC905AAB-942D-45CD-AC56-1E60B29D9F28}.Release|Any CPU.Build.0 = Release|Any CPU
		{83833026-F682-4D52-BBAB-84938F64AC6B}.Debug|Any CPU.ActiveCfg = Debug|Any CPU
		{83833026-F682-4D52-BBAB-84938F64AC6B}.Debug|Any CPU.Build.0 = Debug|Any CPU
		{83833026-F682-4D52-BBAB-84938F64AC6B}.Release|Any CPU.ActiveCfg = Release|Any CPU
		{83833026-F682-4D52-BBAB-84938F64AC6B}.Release|Any CPU.Build.0 = Release|Any CPU
	EndGlobalSection
	GlobalSection(SolutionProperties) = preSolution
		HideSolutionNode = FALSE
	EndGlobalSection
	GlobalSection(ExtensibilityGlobals) = postSolution
		SolutionGuid = {BD73A3D7-EC44-422B-AEA8-14724C774E63}
	EndGlobalSection
EndGlobal
